{
  "name": "mesh-complete-demo",
  "version": "0.1.0",
  "lockfileVersion": 1,
  "requires": true,
  "dependencies": {
    "@aws-cdk/assets": {
      "version": "1.21.0",
      "resolved": "https://registry.npmjs.org/@aws-cdk/assets/-/assets-1.21.0.tgz",
      "integrity": "sha512-SHI5MAP/ZOR1MOjrU+AhlEos+pYKQl5lLuh7LzCqkBZFV1STKWZz19OQl5vu2NI6CU0eu5HU48EdRIWx0CsNbA==",
      "requires": {
        "@aws-cdk/core": "1.21.0",
        "@aws-cdk/cx-api": "1.21.0",
        "minimatch": "^3.0.4"
      },
      "dependencies": {
        "@aws-cdk/cx-api": {
          "version": "1.21.0",
          "resolved": "https://registry.npmjs.org/@aws-cdk/cx-api/-/cx-api-1.21.0.tgz",
          "integrity": "sha512-+t6r/KFO7NjTodJWbRtadvX7jMV/YOdjqB+ZL6k9M/sRU00X4dGHQWn0GatvlpJTCurQi/TTCLGd9JUDWtmOaA==",
          "requires": {
            "semver": "^7.1.1"
          },
          "dependencies": {
            "semver": {
              "version": "7.1.1",
              "bundled": true
            }
          }
        },
        "balanced-match": {
          "version": "1.0.0",
          "bundled": true
        },
        "brace-expansion": {
          "version": "1.1.11",
          "bundled": true,
          "requires": {
            "balanced-match": "^1.0.0",
            "concat-map": "0.0.1"
          }
        },
        "concat-map": {
          "version": "0.0.1",
          "bundled": true
        },
        "minimatch": {
          "version": "3.0.4",
          "bundled": true,
          "requires": {
            "brace-expansion": "^1.1.7"
          }
        }
      }
    },
    "@aws-cdk/aws-apigateway": {
      "version": "1.21.0",
      "resolved": "https://registry.npmjs.org/@aws-cdk/aws-apigateway/-/aws-apigateway-1.21.0.tgz",
      "integrity": "sha512-gzY0OTmVVA30yhwx90CXYkqHU4vusZ45fJLCpLQc4W0HL4wv11w9nOeYl2BxqK9YPdZ9tUlT2X/z+nUrQk/V9A==",
      "requires": {
        "@aws-cdk/aws-certificatemanager": "1.21.0",
        "@aws-cdk/aws-elasticloadbalancingv2": "1.21.0",
        "@aws-cdk/aws-iam": "1.21.0",
        "@aws-cdk/aws-lambda": "1.21.0",
        "@aws-cdk/core": "1.21.0"
      }
    },
    "@aws-cdk/aws-applicationautoscaling": {
      "version": "1.21.0",
      "resolved": "https://registry.npmjs.org/@aws-cdk/aws-applicationautoscaling/-/aws-applicationautoscaling-1.21.0.tgz",
      "integrity": "sha512-mrnRu4qJSSiIlHFQpvh607p64iNc/zwXQlN2V0QMgqvCE/pHi2MUcMLKmi22gyg4Fla0O5X0fXRGT3tXbkUvSA==",
      "requires": {
        "@aws-cdk/aws-autoscaling-common": "1.21.0",
        "@aws-cdk/aws-cloudwatch": "1.21.0",
        "@aws-cdk/aws-iam": "1.21.0",
        "@aws-cdk/core": "1.21.0"
      }
    },
    "@aws-cdk/aws-appmesh": {
      "version": "1.21.0",
      "resolved": "https://registry.npmjs.org/@aws-cdk/aws-appmesh/-/aws-appmesh-1.21.0.tgz",
      "integrity": "sha512-1yzD6rznO9KljcdxUGu62HsUZlm7Kh7oLcNzroZXYiieH7+oj0WQVxE/F93fOhh08RnLgi8mhkmTVCz3Y3/XIw==",
      "requires": {
        "@aws-cdk/aws-ec2": "1.21.0",
        "@aws-cdk/aws-iam": "1.21.0",
        "@aws-cdk/aws-servicediscovery": "1.21.0",
        "@aws-cdk/core": "1.21.0"
      }
    },
    "@aws-cdk/aws-autoscaling": {
      "version": "1.21.0",
      "resolved": "https://registry.npmjs.org/@aws-cdk/aws-autoscaling/-/aws-autoscaling-1.21.0.tgz",
      "integrity": "sha512-lpVgEx50GrxJtbtmzlaTaFFzGgjzi19cv8dP1CxnSVda71REXmseFIzbNCwc8yPSlIzWAYBxtY2XmnknfELb9g==",
      "requires": {
        "@aws-cdk/aws-autoscaling-common": "1.21.0",
        "@aws-cdk/aws-cloudwatch": "1.21.0",
        "@aws-cdk/aws-ec2": "1.21.0",
        "@aws-cdk/aws-elasticloadbalancing": "1.21.0",
        "@aws-cdk/aws-elasticloadbalancingv2": "1.21.0",
        "@aws-cdk/aws-iam": "1.21.0",
        "@aws-cdk/aws-sns": "1.21.0",
        "@aws-cdk/core": "1.21.0"
      }
    },
    "@aws-cdk/aws-autoscaling-common": {
      "version": "1.21.0",
      "resolved": "https://registry.npmjs.org/@aws-cdk/aws-autoscaling-common/-/aws-autoscaling-common-1.21.0.tgz",
      "integrity": "sha512-r/SIo9GBq1P5I/K7fOyvRPHbwKl72NKdnSYgB3x7n4Z/L7Cb3HrwtyaPQgqFkooIz3avjPI9JyFz2fScHXkSfg==",
      "requires": {
        "@aws-cdk/aws-iam": "1.21.0",
        "@aws-cdk/core": "1.21.0"
      }
    },
    "@aws-cdk/aws-autoscaling-hooktargets": {
      "version": "1.21.0",
      "resolved": "https://registry.npmjs.org/@aws-cdk/aws-autoscaling-hooktargets/-/aws-autoscaling-hooktargets-1.21.0.tgz",
      "integrity": "sha512-+Rl59GFb+g2ADXP9QSHGNLU5jNNAOw9IHk0qJxixb6BHLTSPVnzrCp7nALr+SfT3BrHtJ8MxrNXejx5rJmzEKQ==",
      "requires": {
        "@aws-cdk/aws-autoscaling": "1.21.0",
        "@aws-cdk/aws-iam": "1.21.0",
        "@aws-cdk/aws-lambda": "1.21.0",
        "@aws-cdk/aws-sns": "1.21.0",
        "@aws-cdk/aws-sns-subscriptions": "1.21.0",
        "@aws-cdk/aws-sqs": "1.21.0",
        "@aws-cdk/core": "1.21.0"
      }
    },
    "@aws-cdk/aws-certificatemanager": {
      "version": "1.21.0",
      "resolved": "https://registry.npmjs.org/@aws-cdk/aws-certificatemanager/-/aws-certificatemanager-1.21.0.tgz",
      "integrity": "sha512-2E2dDofeUn1e5/UK7ttsQtcjr2ZV30c1Yy7bGHxZXSen4SBgsgvEKeX4X2ToNOItmQ0UNbrK1XsJx1cv9xyQkw==",
      "requires": {
        "@aws-cdk/aws-cloudformation": "1.21.0",
        "@aws-cdk/aws-iam": "1.21.0",
        "@aws-cdk/aws-lambda": "1.21.0",
        "@aws-cdk/aws-route53": "1.21.0",
        "@aws-cdk/core": "1.21.0"
      }
    },
    "@aws-cdk/aws-cloudformation": {
      "version": "1.21.0",
      "resolved": "https://registry.npmjs.org/@aws-cdk/aws-cloudformation/-/aws-cloudformation-1.21.0.tgz",
      "integrity": "sha512-/J6YvCW6de3Q7sPY1mzTd5P7b6Su2mEZZqCuKMuFQ5YUmllN1cSlLMtkZi+R0+4hi2M/Nsu0Z+oHZtZ8IZ0VQw==",
      "requires": {
        "@aws-cdk/aws-iam": "1.21.0",
        "@aws-cdk/aws-lambda": "1.21.0",
        "@aws-cdk/aws-s3": "1.21.0",
        "@aws-cdk/aws-sns": "1.21.0",
        "@aws-cdk/core": "1.21.0",
        "@aws-cdk/cx-api": "1.21.0"
      },
      "dependencies": {
        "@aws-cdk/cx-api": {
          "version": "1.21.0",
          "resolved": "https://registry.npmjs.org/@aws-cdk/cx-api/-/cx-api-1.21.0.tgz",
          "integrity": "sha512-+t6r/KFO7NjTodJWbRtadvX7jMV/YOdjqB+ZL6k9M/sRU00X4dGHQWn0GatvlpJTCurQi/TTCLGd9JUDWtmOaA==",
          "requires": {
            "semver": "^7.1.1"
          },
          "dependencies": {
            "semver": {
              "version": "7.1.1",
              "bundled": true
            }
          }
        }
      }
    },
    "@aws-cdk/aws-cloudfront": {
      "version": "1.21.0",
      "resolved": "https://registry.npmjs.org/@aws-cdk/aws-cloudfront/-/aws-cloudfront-1.21.0.tgz",
      "integrity": "sha512-VVbBxrBoFKTUvo38zCrhXVneYi+1AMw/hKpIT1C1zBvECA09fJHRH80TOVLBL7uJWyhsUh/oDfNu4h82ZdB1UA==",
      "requires": {
        "@aws-cdk/aws-certificatemanager": "1.21.0",
        "@aws-cdk/aws-iam": "1.21.0",
        "@aws-cdk/aws-kms": "1.21.0",
        "@aws-cdk/aws-lambda": "1.21.0",
        "@aws-cdk/aws-s3": "1.21.0",
        "@aws-cdk/core": "1.21.0"
      }
    },
    "@aws-cdk/aws-cloudwatch": {
      "version": "1.21.0",
      "resolved": "https://registry.npmjs.org/@aws-cdk/aws-cloudwatch/-/aws-cloudwatch-1.21.0.tgz",
      "integrity": "sha512-pw0R1eVLtMGkHViK2pYqo0DX5RmcxxykRWCoE+gIy6JcC/FXEvyE50QXIJeI4H4/xw3ycF6TdnbX7VHaMlAjOg==",
      "requires": {
        "@aws-cdk/aws-iam": "1.21.0",
        "@aws-cdk/core": "1.21.0"
      }
    },
    "@aws-cdk/aws-codebuild": {
      "version": "1.21.0",
      "resolved": "https://registry.npmjs.org/@aws-cdk/aws-codebuild/-/aws-codebuild-1.21.0.tgz",
      "integrity": "sha512-pgbIVCCOKO2BiMXHE0QGmKAyuHlv5dfU4ViPdXelzFK7UmvQnEE+mzdxUt1EQyhpj5LVnnG871woTSnsIiIbVQ==",
      "requires": {
        "@aws-cdk/assets": "1.21.0",
        "@aws-cdk/aws-cloudwatch": "1.21.0",
        "@aws-cdk/aws-codecommit": "1.21.0",
        "@aws-cdk/aws-ec2": "1.21.0",
        "@aws-cdk/aws-ecr": "1.21.0",
        "@aws-cdk/aws-ecr-assets": "1.21.0",
        "@aws-cdk/aws-events": "1.21.0",
        "@aws-cdk/aws-iam": "1.21.0",
        "@aws-cdk/aws-kms": "1.21.0",
        "@aws-cdk/aws-s3": "1.21.0",
        "@aws-cdk/aws-s3-assets": "1.21.0",
        "@aws-cdk/aws-secretsmanager": "1.21.0",
        "@aws-cdk/core": "1.21.0"
      }
    },
    "@aws-cdk/aws-codecommit": {
      "version": "1.21.0",
      "resolved": "https://registry.npmjs.org/@aws-cdk/aws-codecommit/-/aws-codecommit-1.21.0.tgz",
      "integrity": "sha512-ztYaxdfKtDdFOduOlqdZ5AVSmAv+eIFkkwiFKkrKRfd+jfPW606yZOt7fdakjCokgwlw99Z9zgscwJgBRqXdCg==",
      "requires": {
        "@aws-cdk/aws-events": "1.21.0",
        "@aws-cdk/aws-iam": "1.21.0",
        "@aws-cdk/core": "1.21.0"
      }
    },
    "@aws-cdk/aws-codepipeline": {
      "version": "1.21.0",
      "resolved": "https://registry.npmjs.org/@aws-cdk/aws-codepipeline/-/aws-codepipeline-1.21.0.tgz",
      "integrity": "sha512-xwpAwlqZ1auqYYVh7eOTQwytI/6VzYWLCZIphcMeJWim4uYX06CPGMJRZbdLPnYOz0XXyVozqiZw5GDGjgNM5w==",
      "requires": {
        "@aws-cdk/aws-events": "1.21.0",
        "@aws-cdk/aws-iam": "1.21.0",
        "@aws-cdk/aws-kms": "1.21.0",
        "@aws-cdk/aws-s3": "1.21.0",
        "@aws-cdk/core": "1.21.0"
      }
    },
    "@aws-cdk/aws-ec2": {
      "version": "1.21.0",
      "resolved": "https://registry.npmjs.org/@aws-cdk/aws-ec2/-/aws-ec2-1.21.0.tgz",
      "integrity": "sha512-yFJDhxAD6UsO6ZVPg46FWQ/r+vrQodaheXFetutqUtqUAXJg/T5F1/32oLD3/esv26FN06lJYvMnh+aPOI8k3w==",
      "requires": {
        "@aws-cdk/aws-cloudwatch": "1.21.0",
        "@aws-cdk/aws-iam": "1.21.0",
        "@aws-cdk/aws-ssm": "1.21.0",
        "@aws-cdk/core": "1.21.0",
        "@aws-cdk/cx-api": "1.21.0"
      },
      "dependencies": {
        "@aws-cdk/cx-api": {
          "version": "1.21.0",
          "resolved": "https://registry.npmjs.org/@aws-cdk/cx-api/-/cx-api-1.21.0.tgz",
          "integrity": "sha512-+t6r/KFO7NjTodJWbRtadvX7jMV/YOdjqB+ZL6k9M/sRU00X4dGHQWn0GatvlpJTCurQi/TTCLGd9JUDWtmOaA==",
          "requires": {
            "semver": "^7.1.1"
          },
          "dependencies": {
            "semver": {
              "version": "7.1.1",
              "bundled": true
            }
          }
        }
      }
    },
    "@aws-cdk/aws-ecr": {
      "version": "1.21.0",
      "resolved": "https://registry.npmjs.org/@aws-cdk/aws-ecr/-/aws-ecr-1.21.0.tgz",
      "integrity": "sha512-aSttWg1ejAcweX/oao+jB/6Y6nBmkISCxySnjLtyQMBFsRyJF4GXNTMZCNVEE68p4Q5epfCCbnXfecEL6/P94g==",
      "requires": {
        "@aws-cdk/aws-events": "1.21.0",
        "@aws-cdk/aws-iam": "1.21.0",
        "@aws-cdk/core": "1.21.0"
      }
    },
    "@aws-cdk/aws-ecr-assets": {
      "version": "1.21.0",
      "resolved": "https://registry.npmjs.org/@aws-cdk/aws-ecr-assets/-/aws-ecr-assets-1.21.0.tgz",
      "integrity": "sha512-2IASU9CybM20FXX4094olWcfk0D/g4XIgwGsTAI93cpkbPyWBTIAV6vgqcCZGTxlpw4Z4QMCZIFLr6i8fKqbBQ==",
      "requires": {
        "@aws-cdk/assets": "1.21.0",
        "@aws-cdk/aws-cloudformation": "1.21.0",
        "@aws-cdk/aws-ecr": "1.21.0",
        "@aws-cdk/aws-iam": "1.21.0",
        "@aws-cdk/aws-lambda": "1.21.0",
        "@aws-cdk/aws-s3": "1.21.0",
        "@aws-cdk/core": "1.21.0",
        "@aws-cdk/cx-api": "1.21.0"
      },
      "dependencies": {
        "@aws-cdk/cx-api": {
          "version": "1.21.0",
          "resolved": "https://registry.npmjs.org/@aws-cdk/cx-api/-/cx-api-1.21.0.tgz",
          "integrity": "sha512-+t6r/KFO7NjTodJWbRtadvX7jMV/YOdjqB+ZL6k9M/sRU00X4dGHQWn0GatvlpJTCurQi/TTCLGd9JUDWtmOaA==",
          "requires": {
            "semver": "^7.1.1"
          },
          "dependencies": {
            "semver": {
              "version": "7.1.1",
              "bundled": true
            }
          }
        }
      }
    },
    "@aws-cdk/aws-ecs": {
      "version": "1.21.0",
      "resolved": "https://registry.npmjs.org/@aws-cdk/aws-ecs/-/aws-ecs-1.21.0.tgz",
      "integrity": "sha512-DVQ3FDk6lEYRAzft1iXL/kcdodzhRFwBjAulI2GCwOtCQ1YzlQDAGth0fdVVwemN5TtaJ3PPm+TvZB8jZ+bLvA==",
      "requires": {
        "@aws-cdk/aws-applicationautoscaling": "1.21.0",
        "@aws-cdk/aws-autoscaling": "1.21.0",
        "@aws-cdk/aws-autoscaling-hooktargets": "1.21.0",
        "@aws-cdk/aws-certificatemanager": "1.21.0",
        "@aws-cdk/aws-cloudformation": "1.21.0",
        "@aws-cdk/aws-cloudwatch": "1.21.0",
        "@aws-cdk/aws-ec2": "1.21.0",
        "@aws-cdk/aws-ecr": "1.21.0",
        "@aws-cdk/aws-ecr-assets": "1.21.0",
        "@aws-cdk/aws-elasticloadbalancing": "1.21.0",
        "@aws-cdk/aws-elasticloadbalancingv2": "1.21.0",
        "@aws-cdk/aws-iam": "1.21.0",
        "@aws-cdk/aws-lambda": "1.21.0",
        "@aws-cdk/aws-logs": "1.21.0",
        "@aws-cdk/aws-route53": "1.21.0",
        "@aws-cdk/aws-route53-targets": "1.21.0",
        "@aws-cdk/aws-secretsmanager": "1.21.0",
        "@aws-cdk/aws-servicediscovery": "1.21.0",
        "@aws-cdk/aws-sns": "1.21.0",
        "@aws-cdk/aws-sqs": "1.21.0",
        "@aws-cdk/aws-ssm": "1.21.0",
        "@aws-cdk/core": "1.21.0",
        "@aws-cdk/cx-api": "1.21.0"
      },
      "dependencies": {
        "@aws-cdk/cx-api": {
          "version": "1.21.0",
          "resolved": "https://registry.npmjs.org/@aws-cdk/cx-api/-/cx-api-1.21.0.tgz",
          "integrity": "sha512-+t6r/KFO7NjTodJWbRtadvX7jMV/YOdjqB+ZL6k9M/sRU00X4dGHQWn0GatvlpJTCurQi/TTCLGd9JUDWtmOaA==",
          "requires": {
            "semver": "^7.1.1"
          },
          "dependencies": {
            "semver": {
              "version": "7.1.1",
              "bundled": true
            }
          }
        }
      }
    },
    "@aws-cdk/aws-ecs-patterns": {
      "version": "1.21.0",
      "resolved": "https://registry.npmjs.org/@aws-cdk/aws-ecs-patterns/-/aws-ecs-patterns-1.21.0.tgz",
      "integrity": "sha512-FeyhlrbqjX7ANDzFaVD1rFU7RUG3dJZ7c8Fe0b7X/t8IqsE8IhlweMmhrZagUWuniXT5dHwvzVQtKYjKSNPQXA==",
      "requires": {
        "@aws-cdk/aws-applicationautoscaling": "1.21.0",
        "@aws-cdk/aws-certificatemanager": "1.21.0",
        "@aws-cdk/aws-ec2": "1.21.0",
        "@aws-cdk/aws-ecs": "1.21.0",
        "@aws-cdk/aws-elasticloadbalancingv2": "1.21.0",
        "@aws-cdk/aws-events": "1.21.0",
        "@aws-cdk/aws-events-targets": "1.21.0",
        "@aws-cdk/aws-iam": "1.21.0",
        "@aws-cdk/aws-route53": "1.21.0",
        "@aws-cdk/aws-route53-targets": "1.21.0",
        "@aws-cdk/aws-servicediscovery": "1.21.0",
        "@aws-cdk/aws-sqs": "1.21.0",
        "@aws-cdk/core": "1.21.0"
      }
    },
    "@aws-cdk/aws-elasticloadbalancing": {
      "version": "1.21.0",
      "resolved": "https://registry.npmjs.org/@aws-cdk/aws-elasticloadbalancing/-/aws-elasticloadbalancing-1.21.0.tgz",
      "integrity": "sha512-/iiupQljOpBaxq7hxoGlxqZnRTr+c9EJcl39W7CLJCrk2XAEhlFzcZFCFpXDfF32PQpkZMuZ/YYAeOwVcqceUg==",
      "requires": {
        "@aws-cdk/aws-ec2": "1.21.0",
        "@aws-cdk/core": "1.21.0"
      }
    },
    "@aws-cdk/aws-elasticloadbalancingv2": {
      "version": "1.21.0",
      "resolved": "https://registry.npmjs.org/@aws-cdk/aws-elasticloadbalancingv2/-/aws-elasticloadbalancingv2-1.21.0.tgz",
      "integrity": "sha512-4n90nSTBsuH70z6v4DEJkNROIzlokbKb+1YvVeOKG/A9gUEGSgsrP7u5J+SIsRbi9ZP1qLTs6QJzl4i4UfPWJA==",
      "requires": {
        "@aws-cdk/aws-certificatemanager": "1.21.0",
        "@aws-cdk/aws-cloudwatch": "1.21.0",
        "@aws-cdk/aws-ec2": "1.21.0",
        "@aws-cdk/aws-iam": "1.21.0",
        "@aws-cdk/aws-lambda": "1.21.0",
        "@aws-cdk/aws-s3": "1.21.0",
        "@aws-cdk/core": "1.21.0"
      }
    },
    "@aws-cdk/aws-events": {
      "version": "1.21.0",
      "resolved": "https://registry.npmjs.org/@aws-cdk/aws-events/-/aws-events-1.21.0.tgz",
      "integrity": "sha512-mhswo/7b5ER7y67op6irFAozf0v3/k+/9QGjc2DrboFoCkWmm0ahy+3FpkJhD0+n5j8YkBOgsgdg7Iam49ouJA==",
      "requires": {
        "@aws-cdk/aws-iam": "1.21.0",
        "@aws-cdk/core": "1.21.0"
      }
    },
    "@aws-cdk/aws-events-targets": {
      "version": "1.21.0",
      "resolved": "https://registry.npmjs.org/@aws-cdk/aws-events-targets/-/aws-events-targets-1.21.0.tgz",
      "integrity": "sha512-dy79QOf/ooMso2ZBig4rAljQhjAim3GQCQUN7JZraCdCk48ArOmthH18m5DL3SC+3XlnaIn0cB90DuMedJDeSg==",
      "requires": {
        "@aws-cdk/aws-cloudformation": "1.21.0",
        "@aws-cdk/aws-codebuild": "1.21.0",
        "@aws-cdk/aws-codepipeline": "1.21.0",
        "@aws-cdk/aws-ec2": "1.21.0",
        "@aws-cdk/aws-ecs": "1.21.0",
        "@aws-cdk/aws-events": "1.21.0",
        "@aws-cdk/aws-iam": "1.21.0",
        "@aws-cdk/aws-lambda": "1.21.0",
        "@aws-cdk/aws-sns": "1.21.0",
        "@aws-cdk/aws-sns-subscriptions": "1.21.0",
        "@aws-cdk/aws-sqs": "1.21.0",
        "@aws-cdk/aws-stepfunctions": "1.21.0",
        "@aws-cdk/core": "1.21.0"
      }
    },
    "@aws-cdk/aws-iam": {
      "version": "1.21.0",
      "resolved": "https://registry.npmjs.org/@aws-cdk/aws-iam/-/aws-iam-1.21.0.tgz",
      "integrity": "sha512-WyAWyKPHWSv324EF068HPj2pPYq7EY15jnalIpVRrWLJ6rZhPqwzhQgc0RhgWNd8+e8QFFZCY7KWzDYV7AAz5g==",
      "requires": {
        "@aws-cdk/core": "1.21.0",
        "@aws-cdk/region-info": "1.21.0"
      },
      "dependencies": {
        "@aws-cdk/region-info": {
          "version": "1.21.0",
          "resolved": "https://registry.npmjs.org/@aws-cdk/region-info/-/region-info-1.21.0.tgz",
          "integrity": "sha512-xOEdfOLVasN4/96k/7IX4hNW1/v7koKQuKkA5fyetPKivM6Kw0FC/KWwCi3cyvCuZoTA4hHqmSDpCP/7AGj5AA=="
        }
      }
    },
    "@aws-cdk/aws-kms": {
      "version": "1.21.0",
      "resolved": "https://registry.npmjs.org/@aws-cdk/aws-kms/-/aws-kms-1.21.0.tgz",
      "integrity": "sha512-pwR05bTycdiq/6J4YAAIWFr8XhD/e588bpxdcSgCcGeJGdiUpZ5Fq5nS6TY6HGNMAS/aazyHRkK13vSN2HXyPw==",
      "requires": {
        "@aws-cdk/aws-iam": "1.21.0",
        "@aws-cdk/core": "1.21.0"
      }
    },
    "@aws-cdk/aws-lambda": {
      "version": "1.21.0",
      "resolved": "https://registry.npmjs.org/@aws-cdk/aws-lambda/-/aws-lambda-1.21.0.tgz",
      "integrity": "sha512-SIhQPQa8CRL+V97pPhR6B5A+47no6X9N1CAxYdQsdYuzruaabKepuZaxLXC4cuYiU910LxM0Sb+iACzeJ8Vn9w==",
      "requires": {
        "@aws-cdk/aws-cloudwatch": "1.21.0",
        "@aws-cdk/aws-ec2": "1.21.0",
        "@aws-cdk/aws-events": "1.21.0",
        "@aws-cdk/aws-iam": "1.21.0",
        "@aws-cdk/aws-logs": "1.21.0",
        "@aws-cdk/aws-s3": "1.21.0",
        "@aws-cdk/aws-s3-assets": "1.21.0",
        "@aws-cdk/aws-sqs": "1.21.0",
        "@aws-cdk/core": "1.21.0",
        "@aws-cdk/cx-api": "1.21.0"
      },
      "dependencies": {
        "@aws-cdk/cx-api": {
          "version": "1.21.0",
          "resolved": "https://registry.npmjs.org/@aws-cdk/cx-api/-/cx-api-1.21.0.tgz",
          "integrity": "sha512-+t6r/KFO7NjTodJWbRtadvX7jMV/YOdjqB+ZL6k9M/sRU00X4dGHQWn0GatvlpJTCurQi/TTCLGd9JUDWtmOaA==",
          "requires": {
            "semver": "^7.1.1"
          },
          "dependencies": {
            "semver": {
              "version": "7.1.1",
              "bundled": true
            }
          }
        }
      }
    },
    "@aws-cdk/aws-logs": {
      "version": "1.21.0",
      "resolved": "https://registry.npmjs.org/@aws-cdk/aws-logs/-/aws-logs-1.21.0.tgz",
      "integrity": "sha512-DcRHNGaIUO1Obx+zqYWoslQvt7YFYCzWxH+UcRv1J/ZNaWou2tbGmv98i6+0CR4kUEENgCT0nLoHG89xb2fR3g==",
      "requires": {
        "@aws-cdk/aws-cloudwatch": "1.21.0",
        "@aws-cdk/aws-iam": "1.21.0",
        "@aws-cdk/core": "1.21.0"
      }
    },
    "@aws-cdk/aws-route53": {
      "version": "1.21.0",
      "resolved": "https://registry.npmjs.org/@aws-cdk/aws-route53/-/aws-route53-1.21.0.tgz",
      "integrity": "sha512-pUALeNYp11suS/ofb1pAqet26MlE8Oxkj5h8DnnUDrhWWew1q27m0PB11lJaARehWLU6wNP04hayapJKFkh6zg==",
      "requires": {
        "@aws-cdk/aws-ec2": "1.21.0",
        "@aws-cdk/aws-logs": "1.21.0",
        "@aws-cdk/core": "1.21.0",
        "@aws-cdk/cx-api": "1.21.0"
      },
      "dependencies": {
        "@aws-cdk/cx-api": {
          "version": "1.21.0",
          "resolved": "https://registry.npmjs.org/@aws-cdk/cx-api/-/cx-api-1.21.0.tgz",
          "integrity": "sha512-+t6r/KFO7NjTodJWbRtadvX7jMV/YOdjqB+ZL6k9M/sRU00X4dGHQWn0GatvlpJTCurQi/TTCLGd9JUDWtmOaA==",
          "requires": {
            "semver": "^7.1.1"
          },
          "dependencies": {
            "semver": {
              "version": "7.1.1",
              "bundled": true
            }
          }
        }
      }
    },
    "@aws-cdk/aws-route53-targets": {
      "version": "1.21.0",
      "resolved": "https://registry.npmjs.org/@aws-cdk/aws-route53-targets/-/aws-route53-targets-1.21.0.tgz",
      "integrity": "sha512-Ynwy/VdRK2UYKtYdRxAmGZnE1/N2PO7fKYNdH5i9hx53ATXfGGf+ZYf/cJzfol2SO8axCm/d2ubCCPHfellpGg==",
      "requires": {
        "@aws-cdk/aws-apigateway": "1.21.0",
        "@aws-cdk/aws-cloudfront": "1.21.0",
        "@aws-cdk/aws-elasticloadbalancing": "1.21.0",
        "@aws-cdk/aws-elasticloadbalancingv2": "1.21.0",
        "@aws-cdk/aws-iam": "1.21.0",
        "@aws-cdk/aws-route53": "1.21.0",
        "@aws-cdk/aws-s3": "1.21.0",
        "@aws-cdk/core": "1.21.0",
        "@aws-cdk/region-info": "1.21.0"
      },
      "dependencies": {
        "@aws-cdk/region-info": {
          "version": "1.21.0",
          "resolved": "https://registry.npmjs.org/@aws-cdk/region-info/-/region-info-1.21.0.tgz",
          "integrity": "sha512-xOEdfOLVasN4/96k/7IX4hNW1/v7koKQuKkA5fyetPKivM6Kw0FC/KWwCi3cyvCuZoTA4hHqmSDpCP/7AGj5AA=="
        }
      }
    },
    "@aws-cdk/aws-s3": {
      "version": "1.21.0",
      "resolved": "https://registry.npmjs.org/@aws-cdk/aws-s3/-/aws-s3-1.21.0.tgz",
      "integrity": "sha512-IolXDpxFFqEmkez/djSaSS1BvM+O4NuQLY6TAi3GO81oDcl1AsrpIBLSaISKejT8qf5Tg0m3Q0CvhcBDsJXqgg==",
      "requires": {
        "@aws-cdk/aws-events": "1.21.0",
        "@aws-cdk/aws-iam": "1.21.0",
        "@aws-cdk/aws-kms": "1.21.0",
        "@aws-cdk/core": "1.21.0"
      }
    },
    "@aws-cdk/aws-s3-assets": {
      "version": "1.21.0",
      "resolved": "https://registry.npmjs.org/@aws-cdk/aws-s3-assets/-/aws-s3-assets-1.21.0.tgz",
      "integrity": "sha512-120+w3tlpvq5Ff9XhpTiBpNxf04dnRzBdkT4u/ZTmMfB7m2R1Z4KCf3dQ5lgPj8vyJsDJDyPIDnE7wVj6E9t7Q==",
      "requires": {
        "@aws-cdk/assets": "1.21.0",
        "@aws-cdk/aws-iam": "1.21.0",
        "@aws-cdk/aws-s3": "1.21.0",
        "@aws-cdk/core": "1.21.0",
        "@aws-cdk/cx-api": "1.21.0"
      },
      "dependencies": {
        "@aws-cdk/cx-api": {
          "version": "1.21.0",
          "resolved": "https://registry.npmjs.org/@aws-cdk/cx-api/-/cx-api-1.21.0.tgz",
          "integrity": "sha512-+t6r/KFO7NjTodJWbRtadvX7jMV/YOdjqB+ZL6k9M/sRU00X4dGHQWn0GatvlpJTCurQi/TTCLGd9JUDWtmOaA==",
          "requires": {
            "semver": "^7.1.1"
          },
          "dependencies": {
            "semver": {
              "version": "7.1.1",
              "bundled": true
            }
          }
        }
      }
    },
    "@aws-cdk/aws-sam": {
      "version": "1.21.0",
      "resolved": "https://registry.npmjs.org/@aws-cdk/aws-sam/-/aws-sam-1.21.0.tgz",
      "integrity": "sha512-ia11kpu0cA9dyxDWWQxXiv9blHsvbUo1gb4daJM7+89yl53aM/Kq2E5M0o0ugnPtjWaPtaTDnxe4k/+/LZsgBw==",
      "requires": {
        "@aws-cdk/core": "1.21.0"
      }
    },
    "@aws-cdk/aws-secretsmanager": {
      "version": "1.21.0",
      "resolved": "https://registry.npmjs.org/@aws-cdk/aws-secretsmanager/-/aws-secretsmanager-1.21.0.tgz",
      "integrity": "sha512-hCrPPU+KfogQysti4HmiQ/xhbsiHKm5j1o/7yqdd4DQEsw9dPvlZIA/Tl7yakpo4ZiFsY9gFEQBk+4RRji/PiQ==",
      "requires": {
        "@aws-cdk/aws-ec2": "1.21.0",
        "@aws-cdk/aws-iam": "1.21.0",
        "@aws-cdk/aws-kms": "1.21.0",
        "@aws-cdk/aws-lambda": "1.21.0",
        "@aws-cdk/aws-sam": "1.21.0",
        "@aws-cdk/core": "1.21.0"
      }
    },
    "@aws-cdk/aws-servicediscovery": {
      "version": "1.21.0",
      "resolved": "https://registry.npmjs.org/@aws-cdk/aws-servicediscovery/-/aws-servicediscovery-1.21.0.tgz",
      "integrity": "sha512-/5d2UCeTeX9KshkFF+tK6OglXe7kXBddLJUkVBlVybZlLRJAH1WsoK8DOkQDY2QSR1NwwTr7EIV4YHv8p166ZQ==",
      "requires": {
        "@aws-cdk/aws-ec2": "1.21.0",
        "@aws-cdk/aws-elasticloadbalancingv2": "1.21.0",
        "@aws-cdk/aws-route53": "1.21.0",
        "@aws-cdk/core": "1.21.0"
      }
    },
    "@aws-cdk/aws-sns": {
      "version": "1.21.0",
      "resolved": "https://registry.npmjs.org/@aws-cdk/aws-sns/-/aws-sns-1.21.0.tgz",
      "integrity": "sha512-6rW+W8ENaA41BDG3bmS205+Y6SaA7cYHuxorgpMrEL3WviD/ro312p8s0yK6KlH41HYEEx490iQURVvZz//vyQ==",
      "requires": {
        "@aws-cdk/aws-cloudwatch": "1.21.0",
        "@aws-cdk/aws-events": "1.21.0",
        "@aws-cdk/aws-iam": "1.21.0",
        "@aws-cdk/aws-kms": "1.21.0",
        "@aws-cdk/core": "1.21.0"
      }
    },
    "@aws-cdk/aws-sns-subscriptions": {
      "version": "1.21.0",
      "resolved": "https://registry.npmjs.org/@aws-cdk/aws-sns-subscriptions/-/aws-sns-subscriptions-1.21.0.tgz",
      "integrity": "sha512-pLd8fUTtDFT8U4uUlIv5H6XyxO4lA0VUEwozD6cbhFJFLgaF+IcLLuDDQfbGfT1vUF035sFC8R3jIW9RGbyH5Q==",
      "requires": {
        "@aws-cdk/aws-iam": "1.21.0",
        "@aws-cdk/aws-lambda": "1.21.0",
        "@aws-cdk/aws-sns": "1.21.0",
        "@aws-cdk/aws-sqs": "1.21.0",
        "@aws-cdk/core": "1.21.0"
      }
    },
    "@aws-cdk/aws-sqs": {
      "version": "1.21.0",
      "resolved": "https://registry.npmjs.org/@aws-cdk/aws-sqs/-/aws-sqs-1.21.0.tgz",
      "integrity": "sha512-HNybRL7wt116WZUPXTptstwSQeSUZlva6uNs1WX8I4y1aqxT7qzcm3X0TQIHmbyVCaM++NaCqwx3Xh0Q536U6w==",
      "requires": {
        "@aws-cdk/aws-cloudwatch": "1.21.0",
        "@aws-cdk/aws-iam": "1.21.0",
        "@aws-cdk/aws-kms": "1.21.0",
        "@aws-cdk/core": "1.21.0"
      }
    },
    "@aws-cdk/aws-ssm": {
      "version": "1.21.0",
      "resolved": "https://registry.npmjs.org/@aws-cdk/aws-ssm/-/aws-ssm-1.21.0.tgz",
      "integrity": "sha512-dsSxoyZ4JlFkfGZxsumgJiiUe3ifUOzSirDSGOtfyxK4N6qtyH/AUMsDm7+hXmpFaFBrxNMv7VvZdO/2DjVxYg==",
      "requires": {
        "@aws-cdk/aws-iam": "1.21.0",
        "@aws-cdk/aws-kms": "1.21.0",
        "@aws-cdk/core": "1.21.0",
        "@aws-cdk/cx-api": "1.21.0"
      },
      "dependencies": {
        "@aws-cdk/cx-api": {
          "version": "1.21.0",
          "resolved": "https://registry.npmjs.org/@aws-cdk/cx-api/-/cx-api-1.21.0.tgz",
          "integrity": "sha512-+t6r/KFO7NjTodJWbRtadvX7jMV/YOdjqB+ZL6k9M/sRU00X4dGHQWn0GatvlpJTCurQi/TTCLGd9JUDWtmOaA==",
          "requires": {
            "semver": "^7.1.1"
          },
          "dependencies": {
            "semver": {
              "version": "7.1.1",
              "bundled": true
            }
          }
        }
      }
    },
    "@aws-cdk/aws-stepfunctions": {
      "version": "1.21.0",
      "resolved": "https://registry.npmjs.org/@aws-cdk/aws-stepfunctions/-/aws-stepfunctions-1.21.0.tgz",
      "integrity": "sha512-7iUS48ZuvRklEnxceQc7sX045Za5xEdLoeikwctchsQFGVY4r0jo9dqrrcJUrKpqnwEcg1slLTa9lg/KZnscHg==",
      "requires": {
        "@aws-cdk/aws-cloudwatch": "1.21.0",
        "@aws-cdk/aws-events": "1.21.0",
        "@aws-cdk/aws-iam": "1.21.0",
        "@aws-cdk/core": "1.21.0"
      }
    },
    "@aws-cdk/core": {
      "version": "1.21.0",
      "resolved": "https://registry.npmjs.org/@aws-cdk/core/-/core-1.21.0.tgz",
      "integrity": "sha512-LpdGWrawxYazeRKE5SpQ22Ph0oEveeUlnw4SHpDwHmp8pCrAQQ2sxJrNQjLDb5qCyLjjkacvVM30CBlLbNSyeg==",
      "requires": {
        "@aws-cdk/cx-api": "1.21.0"
      },
      "dependencies": {
        "@aws-cdk/cx-api": {
          "version": "1.21.0",
          "resolved": "https://registry.npmjs.org/@aws-cdk/cx-api/-/cx-api-1.21.0.tgz",
          "integrity": "sha512-+t6r/KFO7NjTodJWbRtadvX7jMV/YOdjqB+ZL6k9M/sRU00X4dGHQWn0GatvlpJTCurQi/TTCLGd9JUDWtmOaA==",
          "requires": {
            "semver": "^7.1.1"
          },
          "dependencies": {
            "semver": {
              "version": "7.1.1",
              "bundled": true
            }
          }
        }
      }
    },
    "@aws-sdk/credential-provider-env": {
      "version": "0.1.0-preview.2",
      "resolved": "https://registry.npmjs.org/@aws-sdk/credential-provider-env/-/credential-provider-env-0.1.0-preview.2.tgz",
      "integrity": "sha512-Idb4/8tueVFTjf7fALWK3r7Q5az85uUwNwrpkwymcrlieqhIQ2opbps1OPZWHOr2LowJlmY1yw4UgF+O4zIwdw==",
      "requires": {
        "@aws-sdk/property-provider": "^0.1.0-preview.1",
        "@aws-sdk/protocol-timestamp": "^0.1.0-preview.1",
        "@aws-sdk/types": "^0.1.0-preview.1",
        "tslib": "^1.8.0"
      }
    },
    "@aws-sdk/credential-provider-imds": {
      "version": "0.1.0-preview.1",
      "resolved": "https://registry.npmjs.org/@aws-sdk/credential-provider-imds/-/credential-provider-imds-0.1.0-preview.1.tgz",
      "integrity": "sha512-RrXg57b4xCmRT1zHcOiWfXBH2eQXCrZ2Jn5LenizxyrLTiZn3L91inq5Aavhe7rypxmZRVmB4s4g/2aW6TTlLw==",
      "requires": {
        "@aws-sdk/property-provider": "^0.1.0-preview.1",
        "@aws-sdk/types": "^0.1.0-preview.1",
        "tslib": "^1.8.0"
      }
    },
    "@aws-sdk/credential-provider-ini": {
      "version": "0.1.0-preview.1",
      "resolved": "https://registry.npmjs.org/@aws-sdk/credential-provider-ini/-/credential-provider-ini-0.1.0-preview.1.tgz",
      "integrity": "sha512-tumMpxYiL7HIlGV4r0lYIGirLxtMaSi3MWsy7woCsV5VJ4iw665Ci8OAHZEicUrKMUH4mEYzwxcPwef3d2k0mg==",
      "requires": {
        "@aws-sdk/property-provider": "^0.1.0-preview.1",
        "@aws-sdk/shared-ini-file-loader": "^0.1.0-preview.1",
        "@aws-sdk/types": "^0.1.0-preview.1",
        "tslib": "^1.8.0"
      }
    },
    "@aws-sdk/credential-provider-node": {
      "version": "0.1.0-preview.2",
      "resolved": "https://registry.npmjs.org/@aws-sdk/credential-provider-node/-/credential-provider-node-0.1.0-preview.2.tgz",
      "integrity": "sha512-jALW5xN2/d4Z5qJyhBN4CLRobwW6Em9Nt/8VKOQdfqvvuXrT6yfjBp/Hs38os0+7j2aG9sBmU8zZipEVXdiDbg==",
      "requires": {
        "@aws-sdk/credential-provider-env": "^0.1.0-preview.2",
        "@aws-sdk/credential-provider-imds": "^0.1.0-preview.1",
        "@aws-sdk/credential-provider-ini": "^0.1.0-preview.1",
        "@aws-sdk/property-provider": "^0.1.0-preview.1",
        "@aws-sdk/types": "^0.1.0-preview.1",
        "tslib": "^1.8.0"
      }
    },
    "@aws-sdk/property-provider": {
      "version": "0.1.0-preview.1",
      "resolved": "https://registry.npmjs.org/@aws-sdk/property-provider/-/property-provider-0.1.0-preview.1.tgz",
      "integrity": "sha512-vEN4rqhOqw9XHaFNtwSG+Zqw8r8DGeqhDICqdwZk+NJKyP1+01UpZCMhCJw62kWmQwqfYqMYKVx7yENeDwT2ew==",
      "requires": {
        "@aws-sdk/types": "^0.1.0-preview.1",
        "tslib": "^1.8.0"
      }
    },
    "@aws-sdk/protocol-timestamp": {
      "version": "0.1.0-preview.1",
      "resolved": "https://registry.npmjs.org/@aws-sdk/protocol-timestamp/-/protocol-timestamp-0.1.0-preview.1.tgz",
      "integrity": "sha512-3OmEy06P65ySk01mZ6qo5pyfD+l9oOMEegnEA6SXRjRDT8W3bpHqTwqE7A+LQHC78rYueB50JZaaX9/nXHmSOg==",
      "requires": {
        "@aws-sdk/types": "^0.1.0-preview.1",
        "tslib": "^1.8.0"
      }
    },
    "@aws-sdk/shared-ini-file-loader": {
      "version": "0.1.0-preview.1",
      "resolved": "https://registry.npmjs.org/@aws-sdk/shared-ini-file-loader/-/shared-ini-file-loader-0.1.0-preview.1.tgz",
      "integrity": "sha512-iPglaZZt2uhRpBO0oXww+oK9mtJQvh91o1NuuIOGMBceSou9qzMtGC5NzJzGnooodfwzARx1rgv9myJpcK38Sw==",
      "requires": {
        "tslib": "^1.8.0"
      }
    },
    "@aws-sdk/types": {
      "version": "0.1.0-preview.1",
      "resolved": "https://registry.npmjs.org/@aws-sdk/types/-/types-0.1.0-preview.1.tgz",
      "integrity": "sha512-CcZpxyN2G0I7+Jyj0om3LafYX7d30JWJAAQ+53Ysjau7jyL/xLMMkLZgniQPV8BMV7uKLXyf4hwu8JSs0Ejb+w=="
    },
    "@types/node": {
      "version": "13.13.1",
      "resolved": "https://registry.npmjs.org/@types/node/-/node-13.13.1.tgz",
      "integrity": "sha512-uysqysLJ+As9jqI5yqjwP3QJrhOcUwBjHUlUxPxjbplwKoILvXVsmYWEhfmAQlrPfbRZmhJB007o4L9sKqtHqQ==",
      "dev": true
    },
    "arg": {
      "version": "4.1.3",
      "resolved": "https://registry.npmjs.org/arg/-/arg-4.1.3.tgz",
      "integrity": "sha512-58S9QDqG0Xx27YwPSt9fJxivjYl432YCwfDMfZ+71RAqUrZef7LrKQZ3LHLOwCS4FLNBplP533Zx895SeOCHvA==",
      "dev": true
    },
    "aws-cdk": {
      "version": "1.174.0",
      "resolved": "https://registry.npmjs.org/aws-cdk/-/aws-cdk-1.174.0.tgz",
      "integrity": "sha512-cAnJ1vx8p0sFoHR5IP4YKd4l3lN7s9Y7+umwb4eNgWr+XSgUbuYiJgS/FD57hIbHN1uoBih3QAE0RA62LVJSFw==",
      "dev": true,
      "requires": {
        "fsevents": "2.3.2"
      }
    },
    "buffer-from": {
      "version": "1.1.1",
      "resolved": "https://registry.npmjs.org/buffer-from/-/buffer-from-1.1.1.tgz",
      "integrity": "sha512-MQcXEUbCKtEo7bhqEs6560Hyd4XaovZlO/k9V3hjVUF/zwW7KBVdSK4gIt/bzwS9MbR5qob+F5jusZsb0YQK2A=="
    },
    "diff": {
      "version": "4.0.2",
      "resolved": "https://registry.npmjs.org/diff/-/diff-4.0.2.tgz",
      "integrity": "sha512-58lmxKSA4BNyLz+HHMUzlOEpg09FV+ev6ZMe3vJihgdxzgcwZ8VoEEPmALCZG9LmqfVoNMMKpttIYTVG6uDY7A==",
      "dev": true
    },
    "fsevents": {
      "version": "2.3.2",
      "resolved": "https://registry.npmjs.org/fsevents/-/fsevents-2.3.2.tgz",
      "integrity": "sha512-xiqMQR4xAeHTuB9uWm+fFRcIOgKBMiOBP+eXiyT7jsgVCq1bkVygt00oASowB7EdtpOHaaPgKt812P9ab+DDKA==",
      "dev": true,
      "optional": true
    },
    "make-error": {
      "version": "1.3.6",
      "resolved": "https://registry.npmjs.org/make-error/-/make-error-1.3.6.tgz",
      "integrity": "sha512-s8UhlNe7vPKomQhC1qFelMokr/Sc3AgNbso3n74mVPA5LTZwkB9NlXf4XPamLxJE8h0gh73rM94xvwRT2CVInw==",
      "dev": true
    },
    "source-map": {
      "version": "0.6.1",
      "resolved": "https://registry.npmjs.org/source-map/-/source-map-0.6.1.tgz",
      "integrity": "sha512-UjgapumWlbMhkBgzT7Ykc5YXUT46F0iKu8SGXq0bcwP5dz/h0Plj6enJqjz1Zbq2l5WaqYnrVbwWOWMyF3F47g=="
    },
    "source-map-support": {
      "version": "0.5.17",
      "resolved": "https://registry.npmjs.org/source-map-support/-/source-map-support-0.5.17.tgz",
      "integrity": "sha512-bwdKOBZ5L0gFRh4KOxNap/J/MpvX9Yxsq9lFDx65s3o7F/NiHy7JRaGIS8MwW6tZPAq9UXE207Il0cfcb5yu/Q==",
      "requires": {
        "buffer-from": "^1.0.0",
        "source-map": "^0.6.0"
      }
    },
    "ts-node": {
      "version": "8.8.2",
      "resolved": "https://registry.npmjs.org/ts-node/-/ts-node-8.8.2.tgz",
      "integrity": "sha512-duVj6BpSpUpD/oM4MfhO98ozgkp3Gt9qIp3jGxwU2DFvl/3IRaEAvbLa8G60uS7C77457e/m5TMowjedeRxI1Q==",
      "dev": true,
      "requires": {
        "arg": "^4.1.0",
        "diff": "^4.0.1",
        "make-error": "^1.1.1",
        "source-map-support": "^0.5.6",
        "yn": "3.1.1"
      }
    },
    "tslib": {
      "version": "1.10.0",
      "resolved": "https://registry.npmjs.org/tslib/-/tslib-1.10.0.tgz",
      "integrity": "sha512-qOebF53frne81cf0S9B41ByenJ3/IuH8yJKngAX35CmiZySA0khhkovshKK+jGCaMnVomla7gVlIcc3EvKPbTQ=="
    },
    "typescript": {
      "version": "3.8.3",
      "resolved": "https://registry.npmjs.org/typescript/-/typescript-3.8.3.tgz",
      "integrity": "sha512-MYlEfn5VrLNsgudQTVJeNaQFUAI7DkhnOjdpAp4T+ku1TfQClewlbSuTVHiA+8skNBgaf02TL/kLOvig4y3G8w==",
      "dev": true
    },
    "yn": {
      "version": "3.1.1",
      "resolved": "https://registry.npmjs.org/yn/-/yn-3.1.1.tgz",
      "integrity": "sha512-Ux4ygGWsu2c7isFWe8Yu1YluJmqVhxqK2cLXNQA5AcC3QfbGNpM7fu0Y8b/z16pXLnFxZYvWhd3fhBY9DLmC6Q==",
      "dev": true
    }
  }
}
